
Microsoft Visual Studio Solution File, Format Version 12.00
# Visual Studio Version 16
VisualStudioVersion = 16.0.29215.179
MinimumVisualStudioVersion = 10.0.40219.1
Project("{FAE04EC0-301F-11D3-BF4B-00C04F79EFBC}") = "Remakrin", "Remakrin\Remakrin.csproj", "{511B6422-3162-47D4-801D-BCDAFDFEB275}"
EndProject
Global
	GlobalSection(SolutionConfigurationPlatforms) = preSolution
		Debug|Any CPU = Debug|Any CPU
		Release|Any CPU = Release|Any CPU
	EndGlobalSection
	GlobalSection(ProjectConfigurationPlatforms) = postSolution
		{511B6422-3162-47D4-801D-BCDAFDFEB275}.Debug|Any CPU.ActiveCfg = Debug|Any CPU
		{511B6422-3162-47D4-801D-BCDAFDFEB275}.Debug|Any CPU.Build.0 = Debug|Any CPU
		{511B6422-3162-47D4-801D-BCDAFDFEB275}.Release|Any CPU.ActiveCfg = Release|Any CPU
		{511B6422-3162-47D4-801D-BCDAFDFEB275}.Release|Any CPU.Build.0 = Release|Any CPU
	EndGlobalSection
	GlobalSection(SolutionProperties) = preSolution
		HideSolutionNode = FALSE
	EndGlobalSection
	GlobalSection(ExtensibilityGlobals) = postSolution
		SolutionGuid = {99873607-2646-4879-BD36-218F1839742F}
	EndGlobalSection
EndGlobal
